// !$*UTF8*$!
{
	archiveVersion = 1;
	classes = {
	};
	objectVersion = 50;
	objects = {

/* Begin PBXBuildFile section */
		42BA840F231E05EA008B7872 /* GoogleService-Info.plist in Resources */ = {isa = PBXBuildFile; fileRef = 42BA840E231E05EA008B7872 /* GoogleService-Info.plist */; };
		42EFE4EF2319AA1400FC79D8 /* AppDelegate.swift in Sources */ = {isa = PBXBuildFile; fileRef = 42EFE4EE2319AA1400FC79D8 /* AppDelegate.swift */; };
		42EFE4F12319AA1400FC79D8 /* ViewController.swift in Sources */ = {isa = PBXBuildFile; fileRef = 42EFE4F02319AA1400FC79D8 /* ViewController.swift */; };
		42EFE4F42319AA1400FC79D8 /* Main.storyboard in Resources */ = {isa = PBXBuildFile; fileRef = 42EFE4F22319AA1400FC79D8 /* Main.storyboard */; };
		42EFE4F62319AA1400FC79D8 /* Assets.xcassets in Resources */ = {isa = PBXBuildFile; fileRef = 42EFE4F52319AA1400FC79D8 /* Assets.xcassets */; };
		42EFE4F92319AA1400FC79D8 /* LaunchScreen.storyboard in Resources */ = {isa = PBXBuildFile; fileRef = 42EFE4F72319AA1400FC79D8 /* LaunchScreen.storyboard */; };
		76D8A456398A43FF33810EB3 /* Pods_Bencraft.framework in Frameworks */ = {isa = PBXBuildFile; fileRef = 5BC4EE36227FB1C99900C061 /* Pods_Bencraft.framework */; };
/* End PBXBuildFile section */

/* Begin PBXFileReference section */
		42BA840E231E05EA008B7872 /* GoogleService-Info.plist */ = {isa = PBXFileReference; fileEncoding = 4; lastKnownFileType = text.plist.xml; path = "GoogleService-Info.plist"; sourceTree = "<group>"; };
		42EFE4EB2319AA1400FC79D8 /* Bencraft.app */ = {isa = PBXFileReference; explicitFileType = wrapper.application; includeInIndex = 0; path = Bencraft.app; sourceTree = BUILT_PRODUCTS_DIR; };
		42EFE4EE2319AA1400FC79D8 /* AppDelegate.swift */ = {isa = PBXFileReference; lastKnownFileType = sourcecode.swift; path = AppDelegate.swift; sourceTree = "<group>"; };
		42EFE4F02319AA1400FC79D8 /* ViewController.swift */ = {isa = PBXFileReference; lastKnownFileType = sourcecode.swift; path = ViewController.swift; sourceTree = "<group>"; };
		42EFE4F32319AA1400FC79D8 /* Base */ = {isa = PBXFileReference; lastKnownFileType = file.storyboard; name = Base; path = Base.lproj/Main.storyboard; sourceTree = "<group>"; };
		42EFE4F52319AA1400FC79D8 /* Assets.xcassets */ = {isa = PBXFileReference; lastKnownFileType = folder.assetcatalog; path = Assets.xcassets; sourceTree = "<group>"; };
		42EFE4F82319AA1400FC79D8 /* Base */ = {isa = PBXFileReference; lastKnownFileType = file.storyboard; name = Base; path = Base.lproj/LaunchScreen.storyboard; sourceTree = "<group>"; };
		42EFE4FA2319AA1400FC79D8 /* Info.plist */ = {isa = PBXFileReference; lastKnownFileType = text.plist.xml; path = Info.plist; sourceTree = "<group>"; };
		51BE4758E5474E7172C9498E /* Pods-Bencraft.debug.xcconfig */ = {isa = PBXFileReference; includeInIndex = 1; lastKnownFileType = text.xcconfig; name = "Pods-Bencraft.debug.xcconfig"; path = "Target Support Files/Pods-Bencraft/Pods-Bencraft.debug.xcconfig"; sourceTree = "<group>"; };
		5BC4EE36227FB1C99900C061 /* Pods_Bencraft.framework */ = {isa = PBXFileReference; explicitFileType = wrapper.framework; includeInIndex = 0; path = Pods_Bencraft.framework; sourceTree = BUILT_PRODUCTS_DIR; };
		CB7376AEEB5E162B09E985C2 /* Pods-Bencraft.release.xcconfig */ = {isa = PBXFileReference; includeInIndex = 1; lastKnownFileType = text.xcconfig; name = "Pods-Bencraft.release.xcconfig"; path = "Target Support Files/Pods-Bencraft/Pods-Bencraft.release.xcconfig"; sourceTree = "<group>"; };
/* End PBXFileReference section */

/* Begin PBXFrameworksBuildPhase section */
		42EFE4E82319AA1400FC79D8 /* Frameworks */ = {
			isa = PBXFrameworksBuildPhase;
			buildActionMask = 2147483647;
			files = (
				76D8A456398A43FF33810EB3 /* Pods_Bencraft.framework in Frameworks */,
			);
			runOnlyForDeploymentPostprocessing = 0;
		};
/* End PBXFrameworksBuildPhase section */

/* Begin PBXGroup section */
		42EFE4E22319AA1400FC79D8 = {
			isa = PBXGroup;
			children = (
				42EFE4ED2319AA1400FC79D8 /* Bencraft */,
				42EFE4EC2319AA1400FC79D8 /* Products */,
				59196D4C1CBDCCBC9100B945 /* Pods */,
				E6772C2C77AD62220523AA7E /* Frameworks */,
			);
			sourceTree = "<group>";
		};
		42EFE4EC2319AA1400FC79D8 /* Products */ = {
			isa = PBXGroup;
			children = (
				42EFE4EB2319AA1400FC79D8 /* Bencraft.app */,
			);
			name = Products;
			sourceTree = "<group>";
		};
		42EFE4ED2319AA1400FC79D8 /* Bencraft */ = {
			isa = PBXGroup;
			children = (
				42EFE4EE2319AA1400FC79D8 /* AppDelegate.swift */,
				42EFE4F02319AA1400FC79D8 /* ViewController.swift */,
				42EFE4F22319AA1400FC79D8 /* Main.storyboard */,
				42EFE4F52319AA1400FC79D8 /* Assets.xcassets */,
				42EFE4F72319AA1400FC79D8 /* LaunchScreen.storyboard */,
				42EFE4FA2319AA1400FC79D8 /* Info.plist */,
				42BA840E231E05EA008B7872 /* GoogleService-Info.plist */,
			);
			path = Bencraft;
			sourceTree = "<group>";
		};
		59196D4C1CBDCCBC9100B945 /* Pods */ = {
			isa = PBXGroup;
			children = (
				51BE4758E5474E7172C9498E /* Pods-Bencraft.debug.xcconfig */,
				CB7376AEEB5E162B09E985C2 /* Pods-Bencraft.release.xcconfig */,
			);
			name = Pods;
			path = Pods;
			sourceTree = "<group>";
		};
		E6772C2C77AD62220523AA7E /* Frameworks */ = {
			isa = PBXGroup;
			children = (
				5BC4EE36227FB1C99900C061 /* Pods_Bencraft.framework */,
			);
			name = Frameworks;
			sourceTree = "<group>";
		};
/* End PBXGroup section */

/* Begin PBXNativeTarget section */
		42EFE4EA2319AA1400FC79D8 /* Bencraft */ = {
			isa = PBXNativeTarget;
			buildConfigurationList = 42EFE4FD2319AA1400FC79D8 /* Build configuration list for PBXNativeTarget "Bencraft" */;
			buildPhases = (
				42D98A537A1FA93C982E5F8E /* [CP] Check Pods Manifest.lock */,
				42EFE4E72319AA1400FC79D8 /* Sources */,
				42EFE4E82319AA1400FC79D8 /* Frameworks */,
				42EFE4E92319AA1400FC79D8 /* Resources */,
				ACD26401B15BD5D5230861CF /* [CP] Embed Pods Frameworks */,
			);
			buildRules = (
			);
			dependencies = (
			);
			name = Bencraft;
			productName = Bencraft;
			productReference = 42EFE4EB2319AA1400FC79D8 /* Bencraft.app */;
			productType = "com.apple.product-type.application";
		};
/* End PBXNativeTarget section */

/* Begin PBXProject section */
		42EFE4E32319AA1400FC79D8 /* Project object */ = {
			isa = PBXProject;
			attributes = {
				LastSwiftUpdateCheck = 1030;
				LastUpgradeCheck = 1030;
				ORGANIZATIONNAME = "Martin Craviotto";
				TargetAttributes = {
					42EFE4EA2319AA1400FC79D8 = {
						CreatedOnToolsVersion = 10.3;
					};
				};
			};
			buildConfigurationList = 42EFE4E62319AA1400FC79D8 /* Build configuration list for PBXProject "Bencraft" */;
			compatibilityVersion = "Xcode 9.3";
			developmentRegion = en;
			hasScannedForEncodings = 0;
			knownRegions = (
				en,
				Base,
			);
			mainGroup = 42EFE4E22319AA1400FC79D8;
			productRefGroup = 42EFE4EC2319AA1400FC79D8 /* Products */;
			projectDirPath = "";
			projectRoot = "";
			targets = (
				42EFE4EA2319AA1400FC79D8 /* Bencraft */,
			);
		};
/* End PBXProject section */

/* Begin PBXResourcesBuildPhase section */
		42EFE4E92319AA1400FC79D8 /* Resources */ = {
			isa = PBXResourcesBuildPhase;
			buildActionMask = 2147483647;
			files = (
				42EFE4F92319AA1400FC79D8 /* LaunchScreen.storyboard in Resources */,
				42BA840F231E05EA008B7872 /* GoogleService-Info.plist in Resources */,
				42EFE4F62319AA1400FC79D8 /* Assets.xcassets in Resources */,
				42EFE4F42319AA1400FC79D8 /* Main.storyboard in Resources */,
			);
			runOnlyForDeploymentPostprocessing = 0;
		};
/* End PBXResourcesBuildPhase section */

/* Begin PBXShellScriptBuildPhase section */
		42D98A537A1FA93C982E5F8E /* [CP] Check Pods Manifest.lock */ = {
			isa = PBXShellScriptBuildPhase;
			buildActionMask = 2147483647;
			files = (
			);
			inputFileListPaths = (
			);
			inputPaths = (
				"${PODS_PODFILE_DIR_PATH}/Podfile.lock",
				"${PODS_ROOT}/Manifest.lock",
			);
			name = "[CP] Check Pods Manifest.lock";
			outputFileListPaths = (
			);
			outputPaths = (
				"$(DERIVED_FILE_DIR)/Pods-Bencraft-checkManifestLockResult.txt",
			);
			runOnlyForDeploymentPostprocessing = 0;
			shellPath = /bin/sh;
			shellScript = "diff \"${PODS_PODFILE_DIR_PATH}/Podfile.lock\" \"${PODS_ROOT}/Manifest.lock\" > /dev/null\nif [ $? != 0 ] ; then\n    # print error to STDERR\n    echo \"error: The sandbox is not in sync with the Podfile.lock. Run 'pod install' or update your CocoaPods installation.\" >&2\n    exit 1\nfi\n# This output is used by Xcode 'outputs' to avoid re-running this script phase.\necho \"SUCCESS\" > \"${SCRIPT_OUTPUT_FILE_0}\"\n";
			showEnvVarsInLog = 0;
		};
		ACD26401B15BD5D5230861CF /* [CP] Embed Pods Frameworks */ = {
			isa = PBXShellScriptBuildPhase;
			buildActionMask = 2147483647;
			files = (
			);
			inputFileListPaths = (
				"${PODS_ROOT}/Target Support Files/Pods-Bencraft/Pods-Bencraft-frameworks-${CONFIGURATION}-input-files.xcfilelist",
			);
			name = "[CP] Embed Pods Frameworks";
			outputFileListPaths = (
				"${PODS_ROOT}/Target Support Files/Pods-Bencraft/Pods-Bencraft-frameworks-${CONFIGURATION}-output-files.xcfilelist",
			);
			runOnlyForDeploymentPostprocessing = 0;
			shellPath = /bin/sh;
			shellScript = "\"${PODS_ROOT}/Target Support Files/Pods-Bencraft/Pods-Bencraft-frameworks.sh\"\n";
			showEnvVarsInLog = 0;
		};
/* End PBXShellScriptBuildPhase section */

/* Begin PBXSourcesBuildPhase section */
		42EFE4E72319AA1400FC79D8 /* Sources */ = {
			isa = PBXSourcesBuildPhase;
			buildActionMask = 2147483647;
			files = (
				42EFE4F12319AA1400FC79D8 /* ViewController.swift in Sources */,
				42EFE4EF2319AA1400FC79D8 /* AppDelegate.swift in Sources */,
			);
			runOnlyForDeploymentPostprocessing = 0;
		};
/* End PBXSourcesBuildPhase section */

/* Begin PBXVariantGroup section */
		42EFE4F22319AA1400FC79D8 /* Main.storyboard */ = {
			isa = PBXVariantGroup;
			children = (
				42EFE4F32319AA1400FC79D8 /* Base */,
			);
			name = Main.storyboard;
			sourceTree = "<group>";
		};
		42EFE4F72319AA1400FC79D8 /* LaunchScreen.storyboard */ = {
			isa = PBXVariantGroup;
			children = (
				42EFE4F82319AA1400FC79D8 /* Base */,
			);
			name = LaunchScreen.storyboard;
			sourceTree = "<group>";
		};
/* End PBXVariantGroup section */

/* Begin XCBuildConfiguration section */
		42EFE4FB2319AA1400FC79D8 /* Debug */ = {
			isa = XCBuildConfiguration;
			buildSettings = {
				ALWAYS_SEARCH_USER_PATHS = NO;
				CLANG_ANALYZER_NONNULL = YES;
				CLANG_ANALYZER_NUMBER_OBJECT_CONVERSION = YES_AGGRESSIVE;
				CLANG_CXX_LANGUAGE_STANDARD = "gnu++14";
				CLANG_CXX_LIBRARY = "libc++";
				CLANG_ENABLE_MODULES = YES;
				CLANG_ENABLE_OBJC_ARC = YES;
				CLANG_ENABLE_OBJC_WEAK = YES;
				CLANG_WARN_BLOCK_CAPTURE_AUTORELEASING = YES;
				CLANG_WARN_BOOL_CONVERSION = YES;
				CLANG_WARN_COMMA = YES;
				CLANG_WARN_CONSTANT_CONVERSION = YES;
				CLANG_WARN_DEPRECATED_OBJC_IMPLEMENTATIONS = YES;
				CLANG_WARN_DIRECT_OBJC_ISA_USAGE = YES_ERROR;
				CLANG_WARN_DOCUMENTATION_COMMENTS = YES;
				CLANG_WARN_EMPTY_BODY = YES;
				CLANG_WARN_ENUM_CONVERSION = YES;
				CLANG_WARN_INFINITE_RECURSION = YES;
				CLANG_WARN_INT_CONVERSION = YES;
				CLANG_WARN_NON_LITERAL_NULL_CONVERSION = YES;
				CLANG_WARN_OBJC_IMPLICIT_RETAIN_SELF = YES;
				CLANG_WARN_OBJC_LITERAL_CONVERSION = YES;
				CLANG_WARN_OBJC_ROOT_CLASS = YES_ERROR;
				CLANG_WARN_RANGE_LOOP_ANALYSIS = YES;
				CLANG_WARN_STRICT_PROTOTYPES = YES;
				CLANG_WARN_SUSPICIOUS_MOVE = YES;
				CLANG_WARN_UNGUARDED_AVAILABILITY = YES_AGGRESSIVE;
				CLANG_WARN_UNREACHABLE_CODE = YES;
				CLANG_WARN__DUPLICATE_METHOD_MATCH = YES;
				CODE_SIGN_IDENTITY = "iPhone Developer";
				COPY_PHASE_STRIP = NO;
				DEBUG_INFORMATION_FORMAT = dwarf;
				ENABLE_STRICT_OBJC_MSGSEND = YES;
				ENABLE_TESTABILITY = YES;
				GCC_C_LANGUAGE_STANDARD = gnu11;
				GCC_DYNAMIC_NO_PIC = NO;
				GCC_NO_COMMON_BLOCKS = YES;
				GCC_OPTIMIZATION_LEVEL = 0;
				GCC_PREPROCESSOR_DEFINITIONS = (
					"DEBUG=1",
					"$(inherited)",
				);
				GCC_WARN_64_TO_32_BIT_CONVERSION = YES;
				GCC_WARN_ABOUT_RETURN_TYPE = YES_ERROR;
				GCC_WARN_UNDECLARED_SELECTOR = YES;
				GCC_WARN_UNINITIALIZED_AUTOS = YES_AGGRESSIVE;
				GCC_WARN_UNUSED_FUNCTION = YES;
				GCC_WARN_UNUSED_VARIABLE = YES;
				IPHONEOS_DEPLOYMENT_TARGET = 12.4;
				MTL_ENABLE_DEBUG_INFO = INCLUDE_SOURCE;
				MTL_FAST_MATH = YES;
				ONLY_ACTIVE_ARCH = YES;
				SDKROOT = iphoneos;
				SWIFT_ACTIVE_COMPILATION_CONDITIONS = DEBUG;
				SWIFT_OPTIMIZATION_LEVEL = "-Onone";
			};
			name = Debug;
		};
		42EFE4FC2319AA1400FC79D8 /* Release */ = {
			isa = XCBuildConfiguration;
			buildSettings = {
				ALWAYS_SEARCH_USER_PATHS = NO;
				CLANG_ANALYZER_NONNULL = YES;
				CLANG_ANALYZER_NUMBER_OBJECT_CONVERSION = YES_AGGRESSIVE;
				CLANG_CXX_LANGUAGE_STANDARD = "gnu++14";
				CLANG_CXX_LIBRARY = "libc++";
				CLANG_ENABLE_MODULES = YES;
				CLANG_ENABLE_OBJC_ARC = YES;
				CLANG_ENABLE_OBJC_WEAK = YES;
				CLANG_WARN_BLOCK_CAPTURE_AUTORELEASING = YES;
				CLANG_WARN_BOOL_CONVERSION = YES;
				CLANG_WARN_COMMA = YES;
				CLANG_WARN_CONSTANT_CONVERSION = YES;
				CLANG_WARN_DEPRECATED_OBJC_IMPLEMENTATIONS = YES;
				CLANG_WARN_DIRECT_OBJC_ISA_USAGE = YES_ERROR;
				CLANG_WARN_DOCUMENTATION_COMMENTS = YES;
				CLANG_WARN_EMPTY_BODY = YES;
				CLANG_WARN_ENUM_CONVERSION = YES;
				CLANG_WARN_INFINITE_RECURSION = YES;
				CLANG_WARN_INT_CONVERSION = YES;
				CLANG_WARN_NON_LITERAL_NULL_CONVERSION = YES;
				CLANG_WARN_OBJC_IMPLICIT_RETAIN_SELF = YES;
				CLANG_WARN_OBJC_LITERAL_CONVERSION = YES;
				CLANG_WARN_OBJC_ROOT_CLASS = YES_ERROR;
				CLANG_WARN_RANGE_LOOP_ANALYSIS = YES;
				CLANG_WARN_STRICT_PROTOTYPES = YES;
				CLANG_WARN_SUSPICIOUS_MOVE = YES;
				CLANG_WARN_UNGUARDED_AVAILABILITY = YES_AGGRESSIVE;
				CLANG_WARN_UNREACHABLE_CODE = YES;
				CLANG_WARN__DUPLICATE_METHOD_MATCH = YES;
				CODE_SIGN_IDENTITY = "iPhone Developer";
				COPY_PHASE_STRIP = NO;
				DEBUG_INFORMATION_FORMAT = "dwarf-with-dsym";
				ENABLE_NS_ASSERTIONS = NO;
				ENABLE_STRICT_OBJC_MSGSEND = YES;
				GCC_C_LANGUAGE_STANDARD = gnu11;
				GCC_NO_COMMON_BLOCKS = YES;
				GCC_WARN_64_TO_32_BIT_CONVERSION = YES;
				GCC_WARN_ABOUT_RETURN_TYPE = YES_ERROR;
				GCC_WARN_UNDECLARED_SELECTOR = YES;
				GCC_WARN_UNINITIALIZED_AUTOS = YES_AGGRESSIVE;
				GCC_WARN_UNUSED_FUNCTION = YES;
				GCC_WARN_UNUSED_VARIABLE = YES;
				IPHONEOS_DEPLOYMENT_TARGET = 12.4;
				MTL_ENABLE_DEBUG_INFO = NO;
				MTL_FAST_MATH = YES;
				SDKROOT = iphoneos;
				SWIFT_COMPILATION_MODE = wholemodule;
				SWIFT_OPTIMIZATION_LEVEL = "-O";
				VALIDATE_PRODUCT = YES;
			};
			name = Release;
		};
		42EFE4FE2319AA1400FC79D8 /* Debug */ = {
			isa = XCBuildConfiguration;
			baseConfigurationReference = 51BE4758E5474E7172C9498E /* Pods-Bencraft.debug.xcconfig */;
			buildSettings = {
				ASSETCATALOG_COMPILER_APPICON_NAME = AppIcon;
				CODE_SIGN_STYLE = Automatic;
				DEVELOPMENT_TEAM = QSD7J9BS4C;
				INFOPLIST_FILE = Bencraft/Info.plist;
				LD_RUNPATH_SEARCH_PATHS = (
					"$(inherited)",
					"@executable_path/Frameworks",
				);
				PRODUCT_BUNDLE_IDENTIFIER = com.bencraft.ceitbapp;
				PRODUCT_NAME = "$(TARGET_NAME)";
				SWIFT_VERSION = 5.0;
				TARGETED_DEVICE_FAMILY = "1,2";
			};
			name = Debug;
		};
		42EFE4FF2319AA1400FC79D8 /* Release */ = {
			isa = XCBuildConfiguration;
			baseConfigurationReference = CB7376AEEB5E162B09E985C2 /* Pods-Bencraft.release.xcconfig */;
			buildSettings = {
				ASSETCATALOG_COMPILER_APPICON_NAME = AppIcon;
				CODE_SIGN_STYLE = Automatic;
				DEVELOPMENT_TEAM = QSD7J9BS4C;
				INFOPLIST_FILE = Bencraft/Info.plist;
				LD_RUNPATH_SEARCH_PATHS = (
					"$(inherited)",
					"@executable_path/Frameworks",
				);
				PRODUCT_BUNDLE_IDENTIFIER = com.bencraft.ceitbapp;
				PRODUCT_NAME = "$(TARGET_NAME)";
				SWIFT_VERSION = 5.0;
				TARGETED_DEVICE_FAMILY = "1,2";
			};
			name = Release;
		};
/* End XCBuildConfiguration section */

/* Begin XCConfigurationList section */
		42EFE4E62319AA1400FC79D8 /* Build configuration list for PBXProject "Bencraft" */ = {
			isa = XCConfigurationList;
			buildConfigurations = (
				42EFE4FB2319AA1400FC79D8 /* Debug */,
				42EFE4FC2319AA1400FC79D8 /* Release */,
			);
			defaultConfigurationIsVisible = 0;
			defaultConfigurationName = Release;
		};
		42EFE4FD2319AA1400FC79D8 /* Build configuration list for PBXNativeTarget "Bencraft" */ = {
			isa = XCConfigurationList;
			buildConfigurations = (
				42EFE4FE2319AA1400FC79D8 /* Debug */,
				42EFE4FF2319AA1400FC79D8 /* Release */,
			);
			defaultConfigurationIsVisible = 0;
			defaultConfigurationName = Release;
		};
/* End XCConfigurationList section */
	};
	rootObject = 42EFE4E32319AA1400FC79D8 /* Project object */;
}
